// !$*UTF8*$!
{
	archiveVersion = 1;
	classes = {
	};
	objectVersion = 50;
	objects = {

/* Begin PBXBuildFile section */
		6F408EF52405CB72007BD05B /* HomeVC.swift in Sources */ = {isa = PBXBuildFile; fileRef = 6F408EF42405CB72007BD05B /* HomeVC.swift */; };
		6F671AA82410F5290032C7BA /* HistoryVC.swift in Sources */ = {isa = PBXBuildFile; fileRef = 6F671AA72410F5290032C7BA /* HistoryVC.swift */; };
		6F671AAA2410F5840032C7BA /* ProfileVC.swift in Sources */ = {isa = PBXBuildFile; fileRef = 6F671AA92410F5840032C7BA /* ProfileVC.swift */; };
		6F671AAE24111C0B0032C7BA /* SBTableViewCell.swift in Sources */ = {isa = PBXBuildFile; fileRef = 6F671AAD24111C0B0032C7BA /* SBTableViewCell.swift */; };
		6F671AB02411259C0032C7BA /* PastBoxesVC.swift in Sources */ = {isa = PBXBuildFile; fileRef = 6F671AAF2411259C0032C7BA /* PastBoxesVC.swift */; };
		6F671AB22411515B0032C7BA /* Section.swift in Sources */ = {isa = PBXBuildFile; fileRef = 6F671AB12411515B0032C7BA /* Section.swift */; };
		6F671AB5241152630032C7BA /* TitleCell.swift in Sources */ = {isa = PBXBuildFile; fileRef = 6F671AB3241152630032C7BA /* TitleCell.swift */; };
		6F671AB6241152630032C7BA /* TitleCell.xib in Resources */ = {isa = PBXBuildFile; fileRef = 6F671AB4241152630032C7BA /* TitleCell.xib */; };
		6F671AB8241153A40032C7BA /* TitleSection.swift in Sources */ = {isa = PBXBuildFile; fileRef = 6F671AB7241153A40032C7BA /* TitleSection.swift */; };
		6F671ABA241156FE0032C7BA /* FeaturedSection.swift in Sources */ = {isa = PBXBuildFile; fileRef = 6F671AB9241156FE0032C7BA /* FeaturedSection.swift */; };
		6F671ABC24115EE90032C7BA /* FavoritesSection.swift in Sources */ = {isa = PBXBuildFile; fileRef = 6F671ABB24115EE90032C7BA /* FavoritesSection.swift */; };
		6F671ABE241188B00032C7BA /* SBCollectionViewCell.swift in Sources */ = {isa = PBXBuildFile; fileRef = 6F671ABD241188B00032C7BA /* SBCollectionViewCell.swift */; };
		6FCD0FC62403AF1400BC3AB6 /* AppDelegate.swift in Sources */ = {isa = PBXBuildFile; fileRef = 6FCD0FC52403AF1400BC3AB6 /* AppDelegate.swift */; };
		6FCD0FC82403AF1400BC3AB6 /* SceneDelegate.swift in Sources */ = {isa = PBXBuildFile; fileRef = 6FCD0FC72403AF1400BC3AB6 /* SceneDelegate.swift */; };
		6FCD0FCA2403AF1400BC3AB6 /* ViewController.swift in Sources */ = {isa = PBXBuildFile; fileRef = 6FCD0FC92403AF1400BC3AB6 /* ViewController.swift */; };
		6FCD0FCF2403AF1800BC3AB6 /* Assets.xcassets in Resources */ = {isa = PBXBuildFile; fileRef = 6FCD0FCE2403AF1800BC3AB6 /* Assets.xcassets */; };
		6FCD0FD22403AF1800BC3AB6 /* LaunchScreen.storyboard in Resources */ = {isa = PBXBuildFile; fileRef = 6FCD0FD02403AF1800BC3AB6 /* LaunchScreen.storyboard */; };
		6FCD0FE22403F85400BC3AB6 /* OnboardingPage.swift in Sources */ = {isa = PBXBuildFile; fileRef = 6FCD0FE12403F85400BC3AB6 /* OnboardingPage.swift */; };
		6FCD0FE424049A4800BC3AB6 /* LoginVC.swift in Sources */ = {isa = PBXBuildFile; fileRef = 6FCD0FE324049A4800BC3AB6 /* LoginVC.swift */; };
		6FCD0FE62404A71900BC3AB6 /* SBButton.swift in Sources */ = {isa = PBXBuildFile; fileRef = 6FCD0FE52404A71900BC3AB6 /* SBButton.swift */; };
		6FCD0FE82404AA0500BC3AB6 /* SBTextField.swift in Sources */ = {isa = PBXBuildFile; fileRef = 6FCD0FE72404AA0500BC3AB6 /* SBTextField.swift */; };
		6FF76B78240DFEDB002AF250 /* MainTabBar.swift in Sources */ = {isa = PBXBuildFile; fileRef = 6FF76B77240DFEDB002AF250 /* MainTabBar.swift */; };
		6FF76B7C240E55CF002AF250 /* SBCell.swift in Sources */ = {isa = PBXBuildFile; fileRef = 6FF76B7B240E55CF002AF250 /* SBCell.swift */; };
		6FF76B7E240E5E11002AF250 /* NewBoxVC.swift in Sources */ = {isa = PBXBuildFile; fileRef = 6FF76B7D240E5E11002AF250 /* NewBoxVC.swift */; };
		6FF76B80240EAA8D002AF250 /* NewHomeVC.swift in Sources */ = {isa = PBXBuildFile; fileRef = 6FF76B7F240EAA8D002AF250 /* NewHomeVC.swift */; };
/* End PBXBuildFile section */

/* Begin PBXFileReference section */
		6F408EF42405CB72007BD05B /* HomeVC.swift */ = {isa = PBXFileReference; lastKnownFileType = sourcecode.swift; path = HomeVC.swift; sourceTree = "<group>"; };
		6F671AA72410F5290032C7BA /* HistoryVC.swift */ = {isa = PBXFileReference; lastKnownFileType = sourcecode.swift; path = HistoryVC.swift; sourceTree = "<group>"; };
		6F671AA92410F5840032C7BA /* ProfileVC.swift */ = {isa = PBXFileReference; lastKnownFileType = sourcecode.swift; path = ProfileVC.swift; sourceTree = "<group>"; };
		6F671AAD24111C0B0032C7BA /* SBTableViewCell.swift */ = {isa = PBXFileReference; lastKnownFileType = sourcecode.swift; path = SBTableViewCell.swift; sourceTree = "<group>"; };
		6F671AAF2411259C0032C7BA /* PastBoxesVC.swift */ = {isa = PBXFileReference; lastKnownFileType = sourcecode.swift; path = PastBoxesVC.swift; sourceTree = "<group>"; };
		6F671AB12411515B0032C7BA /* Section.swift */ = {isa = PBXFileReference; lastKnownFileType = sourcecode.swift; path = Section.swift; sourceTree = "<group>"; };
		6F671AB3241152630032C7BA /* TitleCell.swift */ = {isa = PBXFileReference; lastKnownFileType = sourcecode.swift; path = TitleCell.swift; sourceTree = "<group>"; };
		6F671AB4241152630032C7BA /* TitleCell.xib */ = {isa = PBXFileReference; lastKnownFileType = file.xib; path = TitleCell.xib; sourceTree = "<group>"; };
		6F671AB7241153A40032C7BA /* TitleSection.swift */ = {isa = PBXFileReference; lastKnownFileType = sourcecode.swift; path = TitleSection.swift; sourceTree = "<group>"; };
		6F671AB9241156FE0032C7BA /* FeaturedSection.swift */ = {isa = PBXFileReference; lastKnownFileType = sourcecode.swift; path = FeaturedSection.swift; sourceTree = "<group>"; };
		6F671ABB24115EE90032C7BA /* FavoritesSection.swift */ = {isa = PBXFileReference; lastKnownFileType = sourcecode.swift; path = FavoritesSection.swift; sourceTree = "<group>"; };
		6F671ABD241188B00032C7BA /* SBCollectionViewCell.swift */ = {isa = PBXFileReference; lastKnownFileType = sourcecode.swift; path = SBCollectionViewCell.swift; sourceTree = "<group>"; };
		6FCD0FC22403AF1400BC3AB6 /* SubscriptionBox.app */ = {isa = PBXFileReference; explicitFileType = wrapper.application; includeInIndex = 0; path = SubscriptionBox.app; sourceTree = BUILT_PRODUCTS_DIR; };
		6FCD0FC52403AF1400BC3AB6 /* AppDelegate.swift */ = {isa = PBXFileReference; lastKnownFileType = sourcecode.swift; path = AppDelegate.swift; sourceTree = "<group>"; };
		6FCD0FC72403AF1400BC3AB6 /* SceneDelegate.swift */ = {isa = PBXFileReference; lastKnownFileType = sourcecode.swift; path = SceneDelegate.swift; sourceTree = "<group>"; };
		6FCD0FC92403AF1400BC3AB6 /* ViewController.swift */ = {isa = PBXFileReference; lastKnownFileType = sourcecode.swift; path = ViewController.swift; sourceTree = "<group>"; };
		6FCD0FCE2403AF1800BC3AB6 /* Assets.xcassets */ = {isa = PBXFileReference; lastKnownFileType = folder.assetcatalog; path = Assets.xcassets; sourceTree = "<group>"; };
		6FCD0FD12403AF1800BC3AB6 /* Base */ = {isa = PBXFileReference; lastKnownFileType = file.storyboard; name = Base; path = Base.lproj/LaunchScreen.storyboard; sourceTree = "<group>"; };
		6FCD0FD32403AF1800BC3AB6 /* Info.plist */ = {isa = PBXFileReference; lastKnownFileType = text.plist.xml; path = Info.plist; sourceTree = "<group>"; };
		6FCD0FE12403F85400BC3AB6 /* OnboardingPage.swift */ = {isa = PBXFileReference; lastKnownFileType = sourcecode.swift; path = OnboardingPage.swift; sourceTree = "<group>"; };
		6FCD0FE324049A4800BC3AB6 /* LoginVC.swift */ = {isa = PBXFileReference; lastKnownFileType = sourcecode.swift; path = LoginVC.swift; sourceTree = "<group>"; };
		6FCD0FE52404A71900BC3AB6 /* SBButton.swift */ = {isa = PBXFileReference; lastKnownFileType = sourcecode.swift; path = SBButton.swift; sourceTree = "<group>"; };
		6FCD0FE72404AA0500BC3AB6 /* SBTextField.swift */ = {isa = PBXFileReference; lastKnownFileType = sourcecode.swift; path = SBTextField.swift; sourceTree = "<group>"; };
		6FF76B77240DFEDB002AF250 /* MainTabBar.swift */ = {isa = PBXFileReference; lastKnownFileType = sourcecode.swift; path = MainTabBar.swift; sourceTree = "<group>"; };
		6FF76B7B240E55CF002AF250 /* SBCell.swift */ = {isa = PBXFileReference; lastKnownFileType = sourcecode.swift; path = SBCell.swift; sourceTree = "<group>"; };
		6FF76B7D240E5E11002AF250 /* NewBoxVC.swift */ = {isa = PBXFileReference; lastKnownFileType = sourcecode.swift; path = NewBoxVC.swift; sourceTree = "<group>"; };
		6FF76B7F240EAA8D002AF250 /* NewHomeVC.swift */ = {isa = PBXFileReference; lastKnownFileType = sourcecode.swift; path = NewHomeVC.swift; sourceTree = "<group>"; };
/* End PBXFileReference section */

/* Begin PBXFrameworksBuildPhase section */
		6FCD0FBF2403AF1400BC3AB6 /* Frameworks */ = {
			isa = PBXFrameworksBuildPhase;
			buildActionMask = 2147483647;
			files = (
			);
			runOnlyForDeploymentPostprocessing = 0;
		};
/* End PBXFrameworksBuildPhase section */

/* Begin PBXGroup section */
		6FCD0FB92403AF1400BC3AB6 = {
			isa = PBXGroup;
			children = (
				6FCD0FC42403AF1400BC3AB6 /* SubscriptionBox */,
				6FCD0FC32403AF1400BC3AB6 /* Products */,
			);
			sourceTree = "<group>";
		};
		6FCD0FC32403AF1400BC3AB6 /* Products */ = {
			isa = PBXGroup;
			children = (
				6FCD0FC22403AF1400BC3AB6 /* SubscriptionBox.app */,
			);
			name = Products;
			sourceTree = "<group>";
		};
		6FCD0FC42403AF1400BC3AB6 /* SubscriptionBox */ = {
			isa = PBXGroup;
			children = (
				6FCD0FC52403AF1400BC3AB6 /* AppDelegate.swift */,
				6FCD0FC72403AF1400BC3AB6 /* SceneDelegate.swift */,
				6FCD0FC92403AF1400BC3AB6 /* ViewController.swift */,
				6FCD0FCE2403AF1800BC3AB6 /* Assets.xcassets */,
				6FCD0FD02403AF1800BC3AB6 /* LaunchScreen.storyboard */,
				6FCD0FD32403AF1800BC3AB6 /* Info.plist */,
				6FCD0FE12403F85400BC3AB6 /* OnboardingPage.swift */,
				6FCD0FE324049A4800BC3AB6 /* LoginVC.swift */,
				6FF76B7B240E55CF002AF250 /* SBCell.swift */,
				6FCD0FE52404A71900BC3AB6 /* SBButton.swift */,
				6FCD0FE72404AA0500BC3AB6 /* SBTextField.swift */,
				6F408EF42405CB72007BD05B /* HomeVC.swift */,
				6FF76B7D240E5E11002AF250 /* NewBoxVC.swift */,
				6FF76B7F240EAA8D002AF250 /* NewHomeVC.swift */,
				6FF76B77240DFEDB002AF250 /* MainTabBar.swift */,
				6F671AA92410F5840032C7BA /* ProfileVC.swift */,
				6F671AA72410F5290032C7BA /* HistoryVC.swift */,
				6F671AB12411515B0032C7BA /* Section.swift */,
				6F671AB3241152630032C7BA /* TitleCell.swift */,
				6F671AB7241153A40032C7BA /* TitleSection.swift */,
				6F671AB9241156FE0032C7BA /* FeaturedSection.swift */,
				6F671ABB24115EE90032C7BA /* FavoritesSection.swift */,
				6F671AB4241152630032C7BA /* TitleCell.xib */,
				6F671AAF2411259C0032C7BA /* PastBoxesVC.swift */,
				6F671AAD24111C0B0032C7BA /* SBTableViewCell.swift */,
				6F671ABD241188B00032C7BA /* SBCollectionViewCell.swift */,
			);
			path = SubscriptionBox;
			sourceTree = "<group>";
		};
/* End PBXGroup section */

/* Begin PBXNativeTarget section */
		6FCD0FC12403AF1400BC3AB6 /* SubscriptionBox */ = {
			isa = PBXNativeTarget;
			buildConfigurationList = 6FCD0FD62403AF1800BC3AB6 /* Build configuration list for PBXNativeTarget "SubscriptionBox" */;
			buildPhases = (
				6FCD0FBE2403AF1400BC3AB6 /* Sources */,
				6FCD0FBF2403AF1400BC3AB6 /* Frameworks */,
				6FCD0FC02403AF1400BC3AB6 /* Resources */,
			);
			buildRules = (
			);
			dependencies = (
			);
			name = SubscriptionBox;
			productName = SubscriptionBox;
			productReference = 6FCD0FC22403AF1400BC3AB6 /* SubscriptionBox.app */;
			productType = "com.apple.product-type.application";
		};
/* End PBXNativeTarget section */

/* Begin PBXProject section */
		6FCD0FBA2403AF1400BC3AB6 /* Project object */ = {
			isa = PBXProject;
			attributes = {
				LastSwiftUpdateCheck = 1130;
				LastUpgradeCheck = 1130;
				ORGANIZATIONNAME = Mondale;
				TargetAttributes = {
					6FCD0FC12403AF1400BC3AB6 = {
						CreatedOnToolsVersion = 11.3.1;
					};
				};
			};
			buildConfigurationList = 6FCD0FBD2403AF1400BC3AB6 /* Build configuration list for PBXProject "SubscriptionBox" */;
			compatibilityVersion = "Xcode 9.3";
			developmentRegion = en;
			hasScannedForEncodings = 0;
			knownRegions = (
				en,
				Base,
			);
			mainGroup = 6FCD0FB92403AF1400BC3AB6;
			productRefGroup = 6FCD0FC32403AF1400BC3AB6 /* Products */;
			projectDirPath = "";
			projectRoot = "";
			targets = (
				6FCD0FC12403AF1400BC3AB6 /* SubscriptionBox */,
			);
		};
/* End PBXProject section */

/* Begin PBXResourcesBuildPhase section */
		6FCD0FC02403AF1400BC3AB6 /* Resources */ = {
			isa = PBXResourcesBuildPhase;
			buildActionMask = 2147483647;
			files = (
				6FCD0FD22403AF1800BC3AB6 /* LaunchScreen.storyboard in Resources */,
				6FCD0FCF2403AF1800BC3AB6 /* Assets.xcassets in Resources */,
				6F671AB6241152630032C7BA /* TitleCell.xib in Resources */,
			);
			runOnlyForDeploymentPostprocessing = 0;
		};
/* End PBXResourcesBuildPhase section */

/* Begin PBXSourcesBuildPhase section */
		6FCD0FBE2403AF1400BC3AB6 /* Sources */ = {
			isa = PBXSourcesBuildPhase;
			buildActionMask = 2147483647;
			files = (
				6F671ABC24115EE90032C7BA /* FavoritesSection.swift in Sources */,
				6F671AB22411515B0032C7BA /* Section.swift in Sources */,
				6FF76B78240DFEDB002AF250 /* MainTabBar.swift in Sources */,
				6FCD0FCA2403AF1400BC3AB6 /* ViewController.swift in Sources */,
				6F671AAA2410F5840032C7BA /* ProfileVC.swift in Sources */,
				6FF76B7C240E55CF002AF250 /* SBCell.swift in Sources */,
				6F408EF52405CB72007BD05B /* HomeVC.swift in Sources */,
				6FCD0FC62403AF1400BC3AB6 /* AppDelegate.swift in Sources */,
				6FCD0FE62404A71900BC3AB6 /* SBButton.swift in Sources */,
				6F671AB8241153A40032C7BA /* TitleSection.swift in Sources */,
				6FCD0FC82403AF1400BC3AB6 /* SceneDelegate.swift in Sources */,
				6F671AAE24111C0B0032C7BA /* SBTableViewCell.swift in Sources */,
				6FCD0FE22403F85400BC3AB6 /* OnboardingPage.swift in Sources */,
				6FCD0FE82404AA0500BC3AB6 /* SBTextField.swift in Sources */,
				6F671ABA241156FE0032C7BA /* FeaturedSection.swift in Sources */,
				6F671AB5241152630032C7BA /* TitleCell.swift in Sources */,
				6FCD0FE424049A4800BC3AB6 /* LoginVC.swift in Sources */,
				6FF76B80240EAA8D002AF250 /* NewHomeVC.swift in Sources */,
				6F671AA82410F5290032C7BA /* HistoryVC.swift in Sources */,
				6F671ABE241188B00032C7BA /* SBCollectionViewCell.swift in Sources */,
				6F671AB02411259C0032C7BA /* PastBoxesVC.swift in Sources */,
				6FF76B7E240E5E11002AF250 /* NewBoxVC.swift in Sources */,
			);
			runOnlyForDeploymentPostprocessing = 0;
		};
/* End PBXSourcesBuildPhase section */

/* Begin PBXVariantGroup section */
		6FCD0FD02403AF1800BC3AB6 /* LaunchScreen.storyboard */ = {
			isa = PBXVariantGroup;
			children = (
				6FCD0FD12403AF1800BC3AB6 /* Base */,
			);
			name = LaunchScreen.storyboard;
			sourceTree = "<group>";
		};
/* End PBXVariantGroup section */

/* Begin XCBuildConfiguration section */
		6FCD0FD42403AF1800BC3AB6 /* Debug */ = {
			isa = XCBuildConfiguration;
			buildSettings = {
				ALWAYS_SEARCH_USER_PATHS = NO;
				CLANG_ANALYZER_NONNULL = YES;
				CLANG_ANALYZER_NUMBER_OBJECT_CONVERSION = YES_AGGRESSIVE;
				CLANG_CXX_LANGUAGE_STANDARD = "gnu++14";
				CLANG_CXX_LIBRARY = "libc++";
				CLANG_ENABLE_MODULES = YES;
				CLANG_ENABLE_OBJC_ARC = YES;
				CLANG_ENABLE_OBJC_WEAK = YES;
				CLANG_WARN_BLOCK_CAPTURE_AUTORELEASING = YES;
				CLANG_WARN_BOOL_CONVERSION = YES;
				CLANG_WARN_COMMA = YES;
				CLANG_WARN_CONSTANT_CONVERSION = YES;
				CLANG_WARN_DEPRECATED_OBJC_IMPLEMENTATIONS = YES;
				CLANG_WARN_DIRECT_OBJC_ISA_USAGE = YES_ERROR;
				CLANG_WARN_DOCUMENTATION_COMMENTS = YES;
				CLANG_WARN_EMPTY_BODY = YES;
				CLANG_WARN_ENUM_CONVERSION = YES;
				CLANG_WARN_INFINITE_RECURSION = YES;
				CLANG_WARN_INT_CONVERSION = YES;
				CLANG_WARN_NON_LITERAL_NULL_CONVERSION = YES;
				CLANG_WARN_OBJC_IMPLICIT_RETAIN_SELF = YES;
				CLANG_WARN_OBJC_LITERAL_CONVERSION = YES;
				CLANG_WARN_OBJC_ROOT_CLASS = YES_ERROR;
				CLANG_WARN_RANGE_LOOP_ANALYSIS = YES;
				CLANG_WARN_STRICT_PROTOTYPES = YES;
				CLANG_WARN_SUSPICIOUS_MOVE = YES;
				CLANG_WARN_UNGUARDED_AVAILABILITY = YES_AGGRESSIVE;
				CLANG_WARN_UNREACHABLE_CODE = YES;
				CLANG_WARN__DUPLICATE_METHOD_MATCH = YES;
				COPY_PHASE_STRIP = NO;
				DEBUG_INFORMATION_FORMAT = dwarf;
				ENABLE_STRICT_OBJC_MSGSEND = YES;
				ENABLE_TESTABILITY = YES;
				GCC_C_LANGUAGE_STANDARD = gnu11;
				GCC_DYNAMIC_NO_PIC = NO;
				GCC_NO_COMMON_BLOCKS = YES;
				GCC_OPTIMIZATION_LEVEL = 0;
				GCC_PREPROCESSOR_DEFINITIONS = (
					"DEBUG=1",
					"$(inherited)",
				);
				GCC_WARN_64_TO_32_BIT_CONVERSION = YES;
				GCC_WARN_ABOUT_RETURN_TYPE = YES_ERROR;
				GCC_WARN_UNDECLARED_SELECTOR = YES;
				GCC_WARN_UNINITIALIZED_AUTOS = YES_AGGRESSIVE;
				GCC_WARN_UNUSED_FUNCTION = YES;
				GCC_WARN_UNUSED_VARIABLE = YES;
				IPHONEOS_DEPLOYMENT_TARGET = 13.2;
				MTL_ENABLE_DEBUG_INFO = INCLUDE_SOURCE;
				MTL_FAST_MATH = YES;
				ONLY_ACTIVE_ARCH = YES;
				SDKROOT = iphoneos;
				SWIFT_ACTIVE_COMPILATION_CONDITIONS = DEBUG;
				SWIFT_OPTIMIZATION_LEVEL = "-Onone";
			};
			name = Debug;
		};
		6FCD0FD52403AF1800BC3AB6 /* Release */ = {
			isa = XCBuildConfiguration;
			buildSettings = {
				ALWAYS_SEARCH_USER_PATHS = NO;
				CLANG_ANALYZER_NONNULL = YES;
				CLANG_ANALYZER_NUMBER_OBJECT_CONVERSION = YES_AGGRESSIVE;
				CLANG_CXX_LANGUAGE_STANDARD = "gnu++14";
				CLANG_CXX_LIBRARY = "libc++";
				CLANG_ENABLE_MODULES = YES;
				CLANG_ENABLE_OBJC_ARC = YES;
				CLANG_ENABLE_OBJC_WEAK = YES;
				CLANG_WARN_BLOCK_CAPTURE_AUTORELEASING = YES;
				CLANG_WARN_BOOL_CONVERSION = YES;
				CLANG_WARN_COMMA = YES;
				CLANG_WARN_CONSTANT_CONVERSION = YES;
				CLANG_WARN_DEPRECATED_OBJC_IMPLEMENTATIONS = YES;
				CLANG_WARN_DIRECT_OBJC_ISA_USAGE = YES_ERROR;
				CLANG_WARN_DOCUMENTATION_COMMENTS = YES;
				CLANG_WARN_EMPTY_BODY = YES;
				CLANG_WARN_ENUM_CONVERSION = YES;
				CLANG_WARN_INFINITE_RECURSION = YES;
				CLANG_WARN_INT_CONVERSION = YES;
				CLANG_WARN_NON_LITERAL_NULL_CONVERSION = YES;
				CLANG_WARN_OBJC_IMPLICIT_RETAIN_SELF = YES;
				CLANG_WARN_OBJC_LITERAL_CONVERSION = YES;
				CLANG_WARN_OBJC_ROOT_CLASS = YES_ERROR;
				CLANG_WARN_RANGE_LOOP_ANALYSIS = YES;
				CLANG_WARN_STRICT_PROTOTYPES = YES;
				CLANG_WARN_SUSPICIOUS_MOVE = YES;
				CLANG_WARN_UNGUARDED_AVAILABILITY = YES_AGGRESSIVE;
				CLANG_WARN_UNREACHABLE_CODE = YES;
				CLANG_WARN__DUPLICATE_METHOD_MATCH = YES;
				COPY_PHASE_STRIP = NO;
				DEBUG_INFORMATION_FORMAT = "dwarf-with-dsym";
				ENABLE_NS_ASSERTIONS = NO;
				ENABLE_STRICT_OBJC_MSGSEND = YES;
				GCC_C_LANGUAGE_STANDARD = gnu11;
				GCC_NO_COMMON_BLOCKS = YES;
				GCC_WARN_64_TO_32_BIT_CONVERSION = YES;
				GCC_WARN_ABOUT_RETURN_TYPE = YES_ERROR;
				GCC_WARN_UNDECLARED_SELECTOR = YES;
				GCC_WARN_UNINITIALIZED_AUTOS = YES_AGGRESSIVE;
				GCC_WARN_UNUSED_FUNCTION = YES;
				GCC_WARN_UNUSED_VARIABLE = YES;
				IPHONEOS_DEPLOYMENT_TARGET = 13.2;
				MTL_ENABLE_DEBUG_INFO = NO;
				MTL_FAST_MATH = YES;
				SDKROOT = iphoneos;
				SWIFT_COMPILATION_MODE = wholemodule;
				SWIFT_OPTIMIZATION_LEVEL = "-O";
				VALIDATE_PRODUCT = YES;
			};
			name = Release;
		};
		6FCD0FD72403AF1800BC3AB6 /* Debug */ = {
			isa = XCBuildConfiguration;
			buildSettings = {
				ASSETCATALOG_COMPILER_APPICON_NAME = AppIcon;
				CODE_SIGN_STYLE = Automatic;
				INFOPLIST_FILE = SubscriptionBox/Info.plist;
				LD_RUNPATH_SEARCH_PATHS = (
					"$(inherited)",
					"@executable_path/Frameworks",
				);
				PRODUCT_BUNDLE_IDENTIFIER = com.SubscriptionBox;
				PRODUCT_NAME = "$(TARGET_NAME)";
				SWIFT_VERSION = 5.0;
				TARGETED_DEVICE_FAMILY = "1,2";
			};
			name = Debug;
		};
		6FCD0FD82403AF1800BC3AB6 /* Release */ = {
			isa = XCBuildConfiguration;
			buildSettings = {
				ASSETCATALOG_COMPILER_APPICON_NAME = AppIcon;
				CODE_SIGN_STYLE = Automatic;
				INFOPLIST_FILE = SubscriptionBox/Info.plist;
				LD_RUNPATH_SEARCH_PATHS = (
					"$(inherited)",
					"@executable_path/Frameworks",
				);
				PRODUCT_BUNDLE_IDENTIFIER = com.SubscriptionBox;
				PRODUCT_NAME = "$(TARGET_NAME)";
				SWIFT_VERSION = 5.0;
				TARGETED_DEVICE_FAMILY = "1,2";
			};
			name = Release;
		};
/* End XCBuildConfiguration section */

/* Begin XCConfigurationList section */
		6FCD0FBD2403AF1400BC3AB6 /* Build configuration list for PBXProject "SubscriptionBox" */ = {
			isa = XCConfigurationList;
			buildConfigurations = (
				6FCD0FD42403AF1800BC3AB6 /* Debug */,
				6FCD0FD52403AF1800BC3AB6 /* Release */,
			);
			defaultConfigurationIsVisible = 0;
			defaultConfigurationName = Release;
		};
		6FCD0FD62403AF1800BC3AB6 /* Build configuration list for PBXNativeTarget "SubscriptionBox" */ = {
			isa = XCConfigurationList;
			buildConfigurations = (
				6FCD0FD72403AF1800BC3AB6 /* Debug */,
				6FCD0FD82403AF1800BC3AB6 /* Release */,
			);
			defaultConfigurationIsVisible = 0;
			defaultConfigurationName = Release;
		};
/* End XCConfigurationList section */
	};
	rootObject = 6FCD0FBA2403AF1400BC3AB6 /* Project object */;
}
